
Microsoft Visual Studio Solution File, Format Version 12.00
# Visual Studio Version 17
VisualStudioVersion = 17.4.33122.133
MinimumVisualStudioVersion = 10.0.40219.1
Project("{FAE04EC0-301F-11D3-BF4B-00C04F79EFBC}") = "ADStarterWeb", "ADStarterWeb\ADStarterWeb.csproj", "{701F7D56-22A6-4BC8-97C4-1FCD6F747CF0}"
EndProject
Project("{FAE04EC0-301F-11D3-BF4B-00C04F79EFBC}") = "ADStarter.DataAccess", "ADStarter.DataAccess\ADStarter.DataAccess.csproj", "{22FD43E9-4E57-4721-BC10-1F03B1E95773}"
EndProject
Project("{FAE04EC0-301F-11D3-BF4B-00C04F79EFBC}") = "ADStarter.Models", "ADStarter.Models\ADStarter.Models.csproj", "{74BC2662-CFC3-46B3-9FCE-2081A9E40DA8}"
EndProject
Project("{FAE04EC0-301F-11D3-BF4B-00C04F79EFBC}") = "ADStarter.Utility", "ADStarter.Utility\ADStarter.Utility.csproj", "{0B480CA8-23E8-4814-8459-FAAC21500D7A}"
EndProject
Global
	GlobalSection(SolutionConfigurationPlatforms) = preSolution
		Debug|Any CPU = Debug|Any CPU
		Release|Any CPU = Release|Any CPU
	EndGlobalSection
	GlobalSection(ProjectConfigurationPlatforms) = postSolution
		{701F7D56-22A6-4BC8-97C4-1FCD6F747CF0}.Debug|Any CPU.ActiveCfg = Debug|Any CPU
		{701F7D56-22A6-4BC8-97C4-1FCD6F747CF0}.Debug|Any CPU.Build.0 = Debug|Any CPU
		{701F7D56-22A6-4BC8-97C4-1FCD6F747CF0}.Release|Any CPU.ActiveCfg = Release|Any CPU
		{701F7D56-22A6-4BC8-97C4-1FCD6F747CF0}.Release|Any CPU.Build.0 = Release|Any CPU
		{22FD43E9-4E57-4721-BC10-1F03B1E95773}.Debug|Any CPU.ActiveCfg = Debug|Any CPU
		{22FD43E9-4E57-4721-BC10-1F03B1E95773}.Debug|Any CPU.Build.0 = Debug|Any CPU
		{22FD43E9-4E57-4721-BC10-1F03B1E95773}.Release|Any CPU.ActiveCfg = Release|Any CPU
		{22FD43E9-4E57-4721-BC10-1F03B1E95773}.Release|Any CPU.Build.0 = Release|Any CPU
		{74BC2662-CFC3-46B3-9FCE-2081A9E40DA8}.Debug|Any CPU.ActiveCfg = Debug|Any CPU
		{74BC2662-CFC3-46B3-9FCE-2081A9E40DA8}.Debug|Any CPU.Build.0 = Debug|Any CPU
		{74BC2662-CFC3-46B3-9FCE-2081A9E40DA8}.Release|Any CPU.ActiveCfg = Release|Any CPU
		{74BC2662-CFC3-46B3-9FCE-2081A9E40DA8}.Release|Any CPU.Build.0 = Release|Any CPU
		{0B480CA8-23E8-4814-8459-FAAC21500D7A}.Debug|Any CPU.ActiveCfg = Debug|Any CPU
		{0B480CA8-23E8-4814-8459-FAAC21500D7A}.Debug|Any CPU.Build.0 = Debug|Any CPU
		{0B480CA8-23E8-4814-8459-FAAC21500D7A}.Release|Any CPU.ActiveCfg = Release|Any CPU
		{0B480CA8-23E8-4814-8459-FAAC21500D7A}.Release|Any CPU.Build.0 = Release|Any CPU
	EndGlobalSection
	GlobalSection(SolutionProperties) = preSolution
		HideSolutionNode = FALSE
	EndGlobalSection
	GlobalSection(ExtensibilityGlobals) = postSolution
		SolutionGuid = {09FF865B-14CC-4EC1-B0E9-B96B872CB0A4}
	EndGlobalSection
EndGlobal
